
Microsoft Visual Studio Solution File, Format Version 12.00
# Visual Studio 15
VisualStudioVersion = 15.0.28307.902
MinimumVisualStudioVersion = 10.0.40219.1
Project("{FAE04EC0-301F-11D3-BF4B-00C04F79EFBC}") = "ParenthesesCheck", "ParenthesesCheck\ParenthesesCheck.csproj", "{210B36FE-EC4B-4442-8C08-0294D6C62A8D}"
EndProject
Project("{FAE04EC0-301F-11D3-BF4B-00C04F79EFBC}") = "ParenthesesCheckTest", "ParenthesesCheckTest\ParenthesesCheckTest.csproj", "{0D1D8B68-73DD-4826-9123-927A04922859}"
EndProject
Global
	GlobalSection(SolutionConfigurationPlatforms) = preSolution
		Debug|Any CPU = Debug|Any CPU
		Release|Any CPU = Release|Any CPU
	EndGlobalSection
	GlobalSection(ProjectConfigurationPlatforms) = postSolution
		{210B36FE-EC4B-4442-8C08-0294D6C62A8D}.Debug|Any CPU.ActiveCfg = Debug|Any CPU
		{210B36FE-EC4B-4442-8C08-0294D6C62A8D}.Debug|Any CPU.Build.0 = Debug|Any CPU
		{210B36FE-EC4B-4442-8C08-0294D6C62A8D}.Release|Any CPU.ActiveCfg = Release|Any CPU
		{210B36FE-EC4B-4442-8C08-0294D6C62A8D}.Release|Any CPU.Build.0 = Release|Any CPU
		{0D1D8B68-73DD-4826-9123-927A04922859}.Debug|Any CPU.ActiveCfg = Debug|Any CPU
		{0D1D8B68-73DD-4826-9123-927A04922859}.Debug|Any CPU.Build.0 = Debug|Any CPU
		{0D1D8B68-73DD-4826-9123-927A04922859}.Release|Any CPU.ActiveCfg = Release|Any CPU
		{0D1D8B68-73DD-4826-9123-927A04922859}.Release|Any CPU.Build.0 = Release|Any CPU
	EndGlobalSection
	GlobalSection(SolutionProperties) = preSolution
		HideSolutionNode = FALSE
	EndGlobalSection
	GlobalSection(ExtensibilityGlobals) = postSolution
		SolutionGuid = {F0A3ED4A-D4F4-4681-B8EB-94B3056EB6A6}
	EndGlobalSection
EndGlobal
